
Microsoft Visual Studio Solution File, Format Version 12.00
# Visual Studio Version 16
VisualStudioVersion = 16.0.31205.134
MinimumVisualStudioVersion = 10.0.40219.1
Project("{9A19103F-16F7-4668-BE54-9A1E7A4F7556}") = "EveSettingsSaviour", "EveSettingsSaviour\EveSettingsSaviour.csproj", "{111C0582-BC5D-4EBA-A0A7-FB26F2A9B74A}"
	ProjectSection(ProjectDependencies) = postProject
		{8065B7CE-7650-496A-9B97-5916FDF23C4F} = {8065B7CE-7650-496A-9B97-5916FDF23C4F}
	EndProjectSection
EndProject
Project("{FAE04EC0-301F-11D3-BF4B-00C04F79EFBC}") = "EveSettingsSaviour.Common", "EveSettingsSaviour.Common\EveSettingsSaviour.Common.csproj", "{8065B7CE-7650-496A-9B97-5916FDF23C4F}"
EndProject
Global
	GlobalSection(SolutionConfigurationPlatforms) = preSolution
		Debug|Any CPU = Debug|Any CPU
		Release|Any CPU = Release|Any CPU
	EndGlobalSection
	GlobalSection(ProjectConfigurationPlatforms) = postSolution
		{111C0582-BC5D-4EBA-A0A7-FB26F2A9B74A}.Debug|Any CPU.ActiveCfg = Debug|Any CPU
		{111C0582-BC5D-4EBA-A0A7-FB26F2A9B74A}.Debug|Any CPU.Build.0 = Debug|Any CPU
		{111C0582-BC5D-4EBA-A0A7-FB26F2A9B74A}.Release|Any CPU.ActiveCfg = Release|Any CPU
		{111C0582-BC5D-4EBA-A0A7-FB26F2A9B74A}.Release|Any CPU.Build.0 = Release|Any CPU
		{8065B7CE-7650-496A-9B97-5916FDF23C4F}.Debug|Any CPU.ActiveCfg = Debug|Any CPU
		{8065B7CE-7650-496A-9B97-5916FDF23C4F}.Debug|Any CPU.Build.0 = Debug|Any CPU
		{8065B7CE-7650-496A-9B97-5916FDF23C4F}.Release|Any CPU.ActiveCfg = Release|Any CPU
		{8065B7CE-7650-496A-9B97-5916FDF23C4F}.Release|Any CPU.Build.0 = Release|Any CPU
	EndGlobalSection
	GlobalSection(SolutionProperties) = preSolution
		HideSolutionNode = FALSE
	EndGlobalSection
	GlobalSection(ExtensibilityGlobals) = postSolution
		SolutionGuid = {1B46AD55-888F-4BF2-A5D7-4AF4BCAF0A7F}
	EndGlobalSection
EndGlobal
